// !$*UTF8*$!
{
	archiveVersion = 1;
	classes = {
	};
	objectVersion = 50;
	objects = {

/* Begin PBXBuildFile section */
		11937DF923BDD9B400E5AAD5 /* CCPAStringBuilder.framework in Frameworks */ = {isa = PBXBuildFile; fileRef = 11937DEF23BDD9B400E5AAD5 /* CCPAStringBuilder.framework */; };
		11937DFE23BDD9B400E5AAD5 /* CCPAStringBuilderTests.swift in Sources */ = {isa = PBXBuildFile; fileRef = 11937DFD23BDD9B400E5AAD5 /* CCPAStringBuilderTests.swift */; };
		11937E0023BDD9B400E5AAD5 /* CCPAStringBuilder.h in Headers */ = {isa = PBXBuildFile; fileRef = 11937DF223BDD9B400E5AAD5 /* CCPAStringBuilder.h */; settings = {ATTRIBUTES = (Public, ); }; };
		11978DD223BDFE820043B450 /* CCPAStringBuilder.swift in Sources */ = {isa = PBXBuildFile; fileRef = 11978DD123BDFE820043B450 /* CCPAStringBuilder.swift */; };
/* End PBXBuildFile section */

/* Begin PBXContainerItemProxy section */
		11937DFA23BDD9B400E5AAD5 /* PBXContainerItemProxy */ = {
			isa = PBXContainerItemProxy;
			containerPortal = 11937DE623BDD9B400E5AAD5 /* Project object */;
			proxyType = 1;
			remoteGlobalIDString = 11937DEE23BDD9B400E5AAD5;
			remoteInfo = CCPAStringBuilder;
		};
/* End PBXContainerItemProxy section */

/* Begin PBXFileReference section */
		11937DEF23BDD9B400E5AAD5 /* CCPAStringBuilder.framework */ = {isa = PBXFileReference; explicitFileType = wrapper.framework; includeInIndex = 0; path = CCPAStringBuilder.framework; sourceTree = BUILT_PRODUCTS_DIR; };
		11937DF223BDD9B400E5AAD5 /* CCPAStringBuilder.h */ = {isa = PBXFileReference; lastKnownFileType = sourcecode.c.h; path = CCPAStringBuilder.h; sourceTree = "<group>"; };
		11937DF323BDD9B400E5AAD5 /* Info.plist */ = {isa = PBXFileReference; lastKnownFileType = text.plist.xml; path = Info.plist; sourceTree = "<group>"; };
		11937DF823BDD9B400E5AAD5 /* CCPAStringBuilderTests.xctest */ = {isa = PBXFileReference; explicitFileType = wrapper.cfbundle; includeInIndex = 0; path = CCPAStringBuilderTests.xctest; sourceTree = BUILT_PRODUCTS_DIR; };
		11937DFD23BDD9B400E5AAD5 /* CCPAStringBuilderTests.swift */ = {isa = PBXFileReference; lastKnownFileType = sourcecode.swift; path = CCPAStringBuilderTests.swift; sourceTree = "<group>"; };
		11937DFF23BDD9B400E5AAD5 /* Info.plist */ = {isa = PBXFileReference; lastKnownFileType = text.plist.xml; path = Info.plist; sourceTree = "<group>"; };
		11978DD123BDFE820043B450 /* CCPAStringBuilder.swift */ = {isa = PBXFileReference; lastKnownFileType = sourcecode.swift; path = CCPAStringBuilder.swift; sourceTree = "<group>"; };
/* End PBXFileReference section */

/* Begin PBXFrameworksBuildPhase section */
		11937DEC23BDD9B400E5AAD5 /* Frameworks */ = {
			isa = PBXFrameworksBuildPhase;
			buildActionMask = 2147483647;
			files = (
			);
			runOnlyForDeploymentPostprocessing = 0;
		};
		11937DF523BDD9B400E5AAD5 /* Frameworks */ = {
			isa = PBXFrameworksBuildPhase;
			buildActionMask = 2147483647;
			files = (
				11937DF923BDD9B400E5AAD5 /* CCPAStringBuilder.framework in Frameworks */,
			);
			runOnlyForDeploymentPostprocessing = 0;
		};
/* End PBXFrameworksBuildPhase section */

/* Begin PBXGroup section */
		11937DE523BDD9B400E5AAD5 = {
			isa = PBXGroup;
			children = (
				11937DF123BDD9B400E5AAD5 /* CCPAStringBuilder */,
				11937DFC23BDD9B400E5AAD5 /* CCPAStringBuilderTests */,
				11937DF023BDD9B400E5AAD5 /* Products */,
				11978DD023BDFE440043B450 /* Source */,
			);
			sourceTree = "<group>";
		};
		11937DF023BDD9B400E5AAD5 /* Products */ = {
			isa = PBXGroup;
			children = (
				11937DEF23BDD9B400E5AAD5 /* CCPAStringBuilder.framework */,
				11937DF823BDD9B400E5AAD5 /* CCPAStringBuilderTests.xctest */,
			);
			name = Products;
			sourceTree = "<group>";
		};
		11937DF123BDD9B400E5AAD5 /* CCPAStringBuilder */ = {
			isa = PBXGroup;
			children = (
				11937DF223BDD9B400E5AAD5 /* CCPAStringBuilder.h */,
				11937DF323BDD9B400E5AAD5 /* Info.plist */,
			);
			path = CCPAStringBuilder;
			sourceTree = "<group>";
		};
		11937DFC23BDD9B400E5AAD5 /* CCPAStringBuilderTests */ = {
			isa = PBXGroup;
			children = (
				11937DFD23BDD9B400E5AAD5 /* CCPAStringBuilderTests.swift */,
				11937DFF23BDD9B400E5AAD5 /* Info.plist */,
			);
			path = CCPAStringBuilderTests;
			sourceTree = "<group>";
		};
		11978DD023BDFE440043B450 /* Source */ = {
			isa = PBXGroup;
			children = (
				11978DD123BDFE820043B450 /* CCPAStringBuilder.swift */,
			);
			path = Source;
			sourceTree = "<group>";
		};
/* End PBXGroup section */

/* Begin PBXHeadersBuildPhase section */
		11937DEA23BDD9B400E5AAD5 /* Headers */ = {
			isa = PBXHeadersBuildPhase;
			buildActionMask = 2147483647;
			files = (
				11937E0023BDD9B400E5AAD5 /* CCPAStringBuilder.h in Headers */,
			);
			runOnlyForDeploymentPostprocessing = 0;
		};
/* End PBXHeadersBuildPhase section */

/* Begin PBXNativeTarget section */
		11937DEE23BDD9B400E5AAD5 /* CCPAStringBuilder */ = {
			isa = PBXNativeTarget;
			buildConfigurationList = 11937E0323BDD9B400E5AAD5 /* Build configuration list for PBXNativeTarget "CCPAStringBuilder" */;
			buildPhases = (
				11937DEA23BDD9B400E5AAD5 /* Headers */,
				11937DEB23BDD9B400E5AAD5 /* Sources */,
				11937DEC23BDD9B400E5AAD5 /* Frameworks */,
				11937DED23BDD9B400E5AAD5 /* Resources */,
			);
			buildRules = (
			);
			dependencies = (
			);
			name = CCPAStringBuilder;
			productName = CCPAStringBuilder;
			productReference = 11937DEF23BDD9B400E5AAD5 /* CCPAStringBuilder.framework */;
			productType = "com.apple.product-type.framework";
		};
		11937DF723BDD9B400E5AAD5 /* CCPAStringBuilderTests */ = {
			isa = PBXNativeTarget;
			buildConfigurationList = 11937E0623BDD9B400E5AAD5 /* Build configuration list for PBXNativeTarget "CCPAStringBuilderTests" */;
			buildPhases = (
				11937DF423BDD9B400E5AAD5 /* Sources */,
				11937DF523BDD9B400E5AAD5 /* Frameworks */,
				11937DF623BDD9B400E5AAD5 /* Resources */,
			);
			buildRules = (
			);
			dependencies = (
				11937DFB23BDD9B400E5AAD5 /* PBXTargetDependency */,
			);
			name = CCPAStringBuilderTests;
			productName = CCPAStringBuilderTests;
			productReference = 11937DF823BDD9B400E5AAD5 /* CCPAStringBuilderTests.xctest */;
			productType = "com.apple.product-type.bundle.unit-test";
		};
/* End PBXNativeTarget section */

/* Begin PBXProject section */
		11937DE623BDD9B400E5AAD5 /* Project object */ = {
			isa = PBXProject;
			attributes = {
				LastSwiftUpdateCheck = 1130;
				LastUpgradeCheck = 1130;
				ORGANIZATIONNAME = Fyber;
				TargetAttributes = {
					11937DEE23BDD9B400E5AAD5 = {
						CreatedOnToolsVersion = 11.3;
						LastSwiftMigration = 1130;
					};
					11937DF723BDD9B400E5AAD5 = {
						CreatedOnToolsVersion = 11.3;
					};
				};
			};
			buildConfigurationList = 11937DE923BDD9B400E5AAD5 /* Build configuration list for PBXProject "CCPAStringBuilder" */;
			compatibilityVersion = "Xcode 9.3";
			developmentRegion = en;
			hasScannedForEncodings = 0;
			knownRegions = (
				en,
				Base,
			);
			mainGroup = 11937DE523BDD9B400E5AAD5;
			productRefGroup = 11937DF023BDD9B400E5AAD5 /* Products */;
			projectDirPath = "";
			projectRoot = "";
			targets = (
				11937DEE23BDD9B400E5AAD5 /* CCPAStringBuilder */,
				11937DF723BDD9B400E5AAD5 /* CCPAStringBuilderTests */,
			);
		};
/* End PBXProject section */

/* Begin PBXResourcesBuildPhase section */
		11937DED23BDD9B400E5AAD5 /* Resources */ = {
			isa = PBXResourcesBuildPhase;
			buildActionMask = 2147483647;
			files = (
			);
			runOnlyForDeploymentPostprocessing = 0;
		};
		11937DF623BDD9B400E5AAD5 /* Resources */ = {
			isa = PBXResourcesBuildPhase;
			buildActionMask = 2147483647;
			files = (
			);
			runOnlyForDeploymentPostprocessing = 0;
		};
/* End PBXResourcesBuildPhase section */

/* Begin PBXSourcesBuildPhase section */
		11937DEB23BDD9B400E5AAD5 /* Sources */ = {
			isa = PBXSourcesBuildPhase;
			buildActionMask = 2147483647;
			files = (
				11978DD223BDFE820043B450 /* CCPAStringBuilder.swift in Sources */,
			);
			runOnlyForDeploymentPostprocessing = 0;
		};
		11937DF423BDD9B400E5AAD5 /* Sources */ = {
			isa = PBXSourcesBuildPhase;
			buildActionMask = 2147483647;
			files = (
				11937DFE23BDD9B400E5AAD5 /* CCPAStringBuilderTests.swift in Sources */,
			);
			runOnlyForDeploymentPostprocessing = 0;
		};
/* End PBXSourcesBuildPhase section */

/* Begin PBXTargetDependency section */
		11937DFB23BDD9B400E5AAD5 /* PBXTargetDependency */ = {
			isa = PBXTargetDependency;
			target = 11937DEE23BDD9B400E5AAD5 /* CCPAStringBuilder */;
			targetProxy = 11937DFA23BDD9B400E5AAD5 /* PBXContainerItemProxy */;
		};
/* End PBXTargetDependency section */

/* Begin XCBuildConfiguration section */
		11937E0123BDD9B400E5AAD5 /* Debug */ = {
			isa = XCBuildConfiguration;
			buildSettings = {
				ALWAYS_SEARCH_USER_PATHS = NO;
				CLANG_ANALYZER_NONNULL = YES;
				CLANG_ANALYZER_NUMBER_OBJECT_CONVERSION = YES_AGGRESSIVE;
				CLANG_CXX_LANGUAGE_STANDARD = "gnu++14";
				CLANG_CXX_LIBRARY = "libc++";
				CLANG_ENABLE_MODULES = YES;
				CLANG_ENABLE_OBJC_ARC = YES;
				CLANG_ENABLE_OBJC_WEAK = YES;
				CLANG_WARN_BLOCK_CAPTURE_AUTORELEASING = YES;
				CLANG_WARN_BOOL_CONVERSION = YES;
				CLANG_WARN_COMMA = YES;
				CLANG_WARN_CONSTANT_CONVERSION = YES;
				CLANG_WARN_DEPRECATED_OBJC_IMPLEMENTATIONS = YES;
				CLANG_WARN_DIRECT_OBJC_ISA_USAGE = YES_ERROR;
				CLANG_WARN_DOCUMENTATION_COMMENTS = YES;
				CLANG_WARN_EMPTY_BODY = YES;
				CLANG_WARN_ENUM_CONVERSION = YES;
				CLANG_WARN_INFINITE_RECURSION = YES;
				CLANG_WARN_INT_CONVERSION = YES;
				CLANG_WARN_NON_LITERAL_NULL_CONVERSION = YES;
				CLANG_WARN_OBJC_IMPLICIT_RETAIN_SELF = YES;
				CLANG_WARN_OBJC_LITERAL_CONVERSION = YES;
				CLANG_WARN_OBJC_ROOT_CLASS = YES_ERROR;
				CLANG_WARN_RANGE_LOOP_ANALYSIS = YES;
				CLANG_WARN_STRICT_PROTOTYPES = YES;
				CLANG_WARN_SUSPICIOUS_MOVE = YES;
				CLANG_WARN_UNGUARDED_AVAILABILITY = YES_AGGRESSIVE;
				CLANG_WARN_UNREACHABLE_CODE = YES;
				CLANG_WARN__DUPLICATE_METHOD_MATCH = YES;
				COPY_PHASE_STRIP = NO;
				CURRENT_PROJECT_VERSION = 1;
				DEBUG_INFORMATION_FORMAT = dwarf;
				ENABLE_STRICT_OBJC_MSGSEND = YES;
				ENABLE_TESTABILITY = YES;
				GCC_C_LANGUAGE_STANDARD = gnu11;
				GCC_DYNAMIC_NO_PIC = NO;
				GCC_NO_COMMON_BLOCKS = YES;
				GCC_OPTIMIZATION_LEVEL = 0;
				GCC_PREPROCESSOR_DEFINITIONS = (
					"DEBUG=1",
					"$(inherited)",
				);
				GCC_WARN_64_TO_32_BIT_CONVERSION = YES;
				GCC_WARN_ABOUT_RETURN_TYPE = YES_ERROR;
				GCC_WARN_UNDECLARED_SELECTOR = YES;
				GCC_WARN_UNINITIALIZED_AUTOS = YES_AGGRESSIVE;
				GCC_WARN_UNUSED_FUNCTION = YES;
				GCC_WARN_UNUSED_VARIABLE = YES;
				IPHONEOS_DEPLOYMENT_TARGET = 13.2;
				MTL_ENABLE_DEBUG_INFO = INCLUDE_SOURCE;
				MTL_FAST_MATH = YES;
				ONLY_ACTIVE_ARCH = YES;
				SDKROOT = iphoneos;
				SWIFT_ACTIVE_COMPILATION_CONDITIONS = DEBUG;
				SWIFT_OPTIMIZATION_LEVEL = "-Onone";
				VERSIONING_SYSTEM = "apple-generic";
				VERSION_INFO_PREFIX = "";
			};
			name = Debug;
		};
		11937E0223BDD9B400E5AAD5 /* Release */ = {
			isa = XCBuildConfiguration;
			buildSettings = {
				ALWAYS_SEARCH_USER_PATHS = NO;
				CLANG_ANALYZER_NONNULL = YES;
				CLANG_ANALYZER_NUMBER_OBJECT_CONVERSION = YES_AGGRESSIVE;
				CLANG_CXX_LANGUAGE_STANDARD = "gnu++14";
				CLANG_CXX_LIBRARY = "libc++";
				CLANG_ENABLE_MODULES = YES;
				CLANG_ENABLE_OBJC_ARC = YES;
				CLANG_ENABLE_OBJC_WEAK = YES;
				CLANG_WARN_BLOCK_CAPTURE_AUTORELEASING = YES;
				CLANG_WARN_BOOL_CONVERSION = YES;
				CLANG_WARN_COMMA = YES;
				CLANG_WARN_CONSTANT_CONVERSION = YES;
				CLANG_WARN_DEPRECATED_OBJC_IMPLEMENTATIONS = YES;
				CLANG_WARN_DIRECT_OBJC_ISA_USAGE = YES_ERROR;
				CLANG_WARN_DOCUMENTATION_COMMENTS = YES;
				CLANG_WARN_EMPTY_BODY = YES;
				CLANG_WARN_ENUM_CONVERSION = YES;
				CLANG_WARN_INFINITE_RECURSION = YES;
				CLANG_WARN_INT_CONVERSION = YES;
				CLANG_WARN_NON_LITERAL_NULL_CONVERSION = YES;
				CLANG_WARN_OBJC_IMPLICIT_RETAIN_SELF = YES;
				CLANG_WARN_OBJC_LITERAL_CONVERSION = YES;
				CLANG_WARN_OBJC_ROOT_CLASS = YES_ERROR;
				CLANG_WARN_RANGE_LOOP_ANALYSIS = YES;
				CLANG_WARN_STRICT_PROTOTYPES = YES;
				CLANG_WARN_SUSPICIOUS_MOVE = YES;
				CLANG_WARN_UNGUARDED_AVAILABILITY = YES_AGGRESSIVE;
				CLANG_WARN_UNREACHABLE_CODE = YES;
				CLANG_WARN__DUPLICATE_METHOD_MATCH = YES;
				COPY_PHASE_STRIP = NO;
				CURRENT_PROJECT_VERSION = 1;
				DEBUG_INFORMATION_FORMAT = "dwarf-with-dsym";
				ENABLE_NS_ASSERTIONS = NO;
				ENABLE_STRICT_OBJC_MSGSEND = YES;
				GCC_C_LANGUAGE_STANDARD = gnu11;
				GCC_NO_COMMON_BLOCKS = YES;
				GCC_WARN_64_TO_32_BIT_CONVERSION = YES;
				GCC_WARN_ABOUT_RETURN_TYPE = YES_ERROR;
				GCC_WARN_UNDECLARED_SELECTOR = YES;
				GCC_WARN_UNINITIALIZED_AUTOS = YES_AGGRESSIVE;
				GCC_WARN_UNUSED_FUNCTION = YES;
				GCC_WARN_UNUSED_VARIABLE = YES;
				IPHONEOS_DEPLOYMENT_TARGET = 13.2;
				MTL_ENABLE_DEBUG_INFO = NO;
				MTL_FAST_MATH = YES;
				SDKROOT = iphoneos;
				SWIFT_COMPILATION_MODE = wholemodule;
				SWIFT_OPTIMIZATION_LEVEL = "-O";
				VALIDATE_PRODUCT = YES;
				VERSIONING_SYSTEM = "apple-generic";
				VERSION_INFO_PREFIX = "";
			};
			name = Release;
		};
		11937E0423BDD9B400E5AAD5 /* Debug */ = {
			isa = XCBuildConfiguration;
			buildSettings = {
				CLANG_ENABLE_MODULES = YES;
				CODE_SIGN_STYLE = Automatic;
				DEFINES_MODULE = YES;
				DEVELOPMENT_TEAM = 9G2AGGBJ52;
				DYLIB_COMPATIBILITY_VERSION = 1;
				DYLIB_CURRENT_VERSION = 1;
				DYLIB_INSTALL_NAME_BASE = "@rpath";
				INFOPLIST_FILE = CCPAStringBuilder/Info.plist;
				INSTALL_PATH = "$(LOCAL_LIBRARY_DIR)/Frameworks";
				LD_RUNPATH_SEARCH_PATHS = (
					"$(inherited)",
					"@executable_path/Frameworks",
					"@loader_path/Frameworks",
				);
				PRODUCT_BUNDLE_IDENTIFIER = com.Fyber.CCPAStringBuilder;
				PRODUCT_NAME = "$(TARGET_NAME:c99extidentifier)";
				SKIP_INSTALL = YES;
				SWIFT_OPTIMIZATION_LEVEL = "-Onone";
				SWIFT_VERSION = 5.0;
				TARGETED_DEVICE_FAMILY = "1,2";
			};
			name = Debug;
		};
		11937E0523BDD9B400E5AAD5 /* Release */ = {
			isa = XCBuildConfiguration;
			buildSettings = {
				CLANG_ENABLE_MODULES = YES;
				CODE_SIGN_STYLE = Automatic;
				DEFINES_MODULE = YES;
				DEVELOPMENT_TEAM = 9G2AGGBJ52;
				DYLIB_COMPATIBILITY_VERSION = 1;
				DYLIB_CURRENT_VERSION = 1;
				DYLIB_INSTALL_NAME_BASE = "@rpath";
				INFOPLIST_FILE = CCPAStringBuilder/Info.plist;
				INSTALL_PATH = "$(LOCAL_LIBRARY_DIR)/Frameworks";
				LD_RUNPATH_SEARCH_PATHS = (
					"$(inherited)",
					"@executable_path/Frameworks",
					"@loader_path/Frameworks",
				);
				PRODUCT_BUNDLE_IDENTIFIER = com.Fyber.CCPAStringBuilder;
				PRODUCT_NAME = "$(TARGET_NAME:c99extidentifier)";
				SKIP_INSTALL = YES;
				SWIFT_VERSION = 5.0;
				TARGETED_DEVICE_FAMILY = "1,2";
			};
			name = Release;
		};
		11937E0723BDD9B400E5AAD5 /* Debug */ = {
			isa = XCBuildConfiguration;
			buildSettings = {
				ALWAYS_EMBED_SWIFT_STANDARD_LIBRARIES = YES;
				CODE_SIGN_STYLE = Automatic;
				DEVELOPMENT_TEAM = 9G2AGGBJ52;
				INFOPLIST_FILE = CCPAStringBuilderTests/Info.plist;
				LD_RUNPATH_SEARCH_PATHS = (
					"$(inherited)",
					"@executable_path/Frameworks",
					"@loader_path/Frameworks",
				);
				PRODUCT_BUNDLE_IDENTIFIER = com.Fyber.CCPAStringBuilderTests;
				PRODUCT_NAME = "$(TARGET_NAME)";
				SWIFT_VERSION = 5.0;
				TARGETED_DEVICE_FAMILY = "1,2";
			};
			name = Debug;
		};
		11937E0823BDD9B400E5AAD5 /* Release */ = {
			isa = XCBuildConfiguration;
			buildSettings = {
				ALWAYS_EMBED_SWIFT_STANDARD_LIBRARIES = YES;
				CODE_SIGN_STYLE = Automatic;
				DEVELOPMENT_TEAM = 9G2AGGBJ52;
				INFOPLIST_FILE = CCPAStringBuilderTests/Info.plist;
				LD_RUNPATH_SEARCH_PATHS = (
					"$(inherited)",
					"@executable_path/Frameworks",
					"@loader_path/Frameworks",
				);
				PRODUCT_BUNDLE_IDENTIFIER = com.Fyber.CCPAStringBuilderTests;
				PRODUCT_NAME = "$(TARGET_NAME)";
				SWIFT_VERSION = 5.0;
				TARGETED_DEVICE_FAMILY = "1,2";
			};
			name = Release;
		};
/* End XCBuildConfiguration section */

/* Begin XCConfigurationList section */
		11937DE923BDD9B400E5AAD5 /* Build configuration list for PBXProject "CCPAStringBuilder" */ = {
			isa = XCConfigurationList;
			buildConfigurations = (
				11937E0123BDD9B400E5AAD5 /* Debug */,
				11937E0223BDD9B400E5AAD5 /* Release */,
			);
			defaultConfigurationIsVisible = 0;
			defaultConfigurationName = Release;
		};
		11937E0323BDD9B400E5AAD5 /* Build configuration list for PBXNativeTarget "CCPAStringBuilder" */ = {
			isa = XCConfigurationList;
			buildConfigurations = (
				11937E0423BDD9B400E5AAD5 /* Debug */,
				11937E0523BDD9B400E5AAD5 /* Release */,
			);
			defaultConfigurationIsVisible = 0;
			defaultConfigurationName = Release;
		};
		11937E0623BDD9B400E5AAD5 /* Build configuration list for PBXNativeTarget "CCPAStringBuilderTests" */ = {
			isa = XCConfigurationList;
			buildConfigurations = (
				11937E0723BDD9B400E5AAD5 /* Debug */,
				11937E0823BDD9B400E5AAD5 /* Release */,
			);
			defaultConfigurationIsVisible = 0;
			defaultConfigurationName = Release;
		};
/* End XCConfigurationList section */
	};
	rootObject = 11937DE623BDD9B400E5AAD5 /* Project object */;
}
